
Microsoft Visual Studio Solution File, Format Version 12.00
# Visual Studio Version 17
VisualStudioVersion = 17.10.35004.147
MinimumVisualStudioVersion = 10.0.40219.1
Project("{9A19103F-16F7-4668-BE54-9A1E7A4F7556}") = "StateExamples.VendingMachine", "StateExamples.VendingMachine\StateExamples.VendingMachine.csproj", "{7993D631-506A-4ABF-8CBF-A1943711E54C}"
EndProject
Project("{FAE04EC0-301F-11D3-BF4B-00C04F79EFBC}") = "Documents", "Documents\Documents.csproj", "{BBF7E67A-C00B-4947-95B8-A9F85B8359D1}"
EndProject
Global
	GlobalSection(SolutionConfigurationPlatforms) = preSolution
		Debug|Any CPU = Debug|Any CPU
		Release|Any CPU = Release|Any CPU
	EndGlobalSection
	GlobalSection(ProjectConfigurationPlatforms) = postSolution
		{7993D631-506A-4ABF-8CBF-A1943711E54C}.Debug|Any CPU.ActiveCfg = Debug|Any CPU
		{7993D631-506A-4ABF-8CBF-A1943711E54C}.Debug|Any CPU.Build.0 = Debug|Any CPU
		{7993D631-506A-4ABF-8CBF-A1943711E54C}.Release|Any CPU.ActiveCfg = Release|Any CPU
		{7993D631-506A-4ABF-8CBF-A1943711E54C}.Release|Any CPU.Build.0 = Release|Any CPU
		{BBF7E67A-C00B-4947-95B8-A9F85B8359D1}.Debug|Any CPU.ActiveCfg = Debug|Any CPU
		{BBF7E67A-C00B-4947-95B8-A9F85B8359D1}.Debug|Any CPU.Build.0 = Debug|Any CPU
		{BBF7E67A-C00B-4947-95B8-A9F85B8359D1}.Release|Any CPU.ActiveCfg = Release|Any CPU
		{BBF7E67A-C00B-4947-95B8-A9F85B8359D1}.Release|Any CPU.Build.0 = Release|Any CPU
	EndGlobalSection
	GlobalSection(SolutionProperties) = preSolution
		HideSolutionNode = FALSE
	EndGlobalSection
	GlobalSection(ExtensibilityGlobals) = postSolution
		SolutionGuid = {3B4F0F07-3700-43F1-B066-A2726FC1A16D}
	EndGlobalSection
EndGlobal
